
Microsoft Visual Studio Solution File, Format Version 12.00
# Visual Studio 15
VisualStudioVersion = 15.0.34930.48
MinimumVisualStudioVersion = 10.0.40219.1
Project("{8BC9CEB8-8B4A-11D0-8D11-00A0C91BC942}") = "Inheritance", "Inheritance\Inheritance.vcxproj", "{CB63D101-FBC0-4E21-9E42-C62E32C6D2CB}"
EndProject
Project("{8BC9CEB8-8B4A-11D0-8D11-00A0C91BC942}") = "Academy", "Academy\Academy.vcxproj", "{2CFB8305-438A-4C54-A534-D549B6502E63}"
EndProject
Project("{8BC9CEB8-8B4A-11D0-8D11-00A0C91BC942}") = "Files", "Files\Files.vcxproj", "{A46008A8-E0BE-4B4B-8DE8-72D8DB52870E}"
EndProject
Global
	GlobalSection(SolutionConfigurationPlatforms) = preSolution
		Debug|x64 = Debug|x64
		Debug|x86 = Debug|x86
		Release|x64 = Release|x64
		Release|x86 = Release|x86
	EndGlobalSection
	GlobalSection(ProjectConfigurationPlatforms) = postSolution
		{CB63D101-FBC0-4E21-9E42-C62E32C6D2CB}.Debug|x64.ActiveCfg = Debug|x64
		{CB63D101-FBC0-4E21-9E42-C62E32C6D2CB}.Debug|x64.Build.0 = Debug|x64
		{CB63D101-FBC0-4E21-9E42-C62E32C6D2CB}.Debug|x86.ActiveCfg = Debug|Win32
		{CB63D101-FBC0-4E21-9E42-C62E32C6D2CB}.Debug|x86.Build.0 = Debug|Win32
		{CB63D101-FBC0-4E21-9E42-C62E32C6D2CB}.Release|x64.ActiveCfg = Release|x64
		{CB63D101-FBC0-4E21-9E42-C62E32C6D2CB}.Release|x64.Build.0 = Release|x64
		{CB63D101-FBC0-4E21-9E42-C62E32C6D2CB}.Release|x86.ActiveCfg = Release|Win32
		{CB63D101-FBC0-4E21-9E42-C62E32C6D2CB}.Release|x86.Build.0 = Release|Win32
		{2CFB8305-438A-4C54-A534-D549B6502E63}.Debug|x64.ActiveCfg = Debug|x64
		{2CFB8305-438A-4C54-A534-D549B6502E63}.Debug|x64.Build.0 = Debug|x64
		{2CFB8305-438A-4C54-A534-D549B6502E63}.Debug|x86.ActiveCfg = Debug|Win32
		{2CFB8305-438A-4C54-A534-D549B6502E63}.Debug|x86.Build.0 = Debug|Win32
		{2CFB8305-438A-4C54-A534-D549B6502E63}.Release|x64.ActiveCfg = Release|x64
		{2CFB8305-438A-4C54-A534-D549B6502E63}.Release|x64.Build.0 = Release|x64
		{2CFB8305-438A-4C54-A534-D549B6502E63}.Release|x86.ActiveCfg = Release|Win32
		{2CFB8305-438A-4C54-A534-D549B6502E63}.Release|x86.Build.0 = Release|Win32
		{A46008A8-E0BE-4B4B-8DE8-72D8DB52870E}.Debug|x64.ActiveCfg = Debug|x64
		{A46008A8-E0BE-4B4B-8DE8-72D8DB52870E}.Debug|x64.Build.0 = Debug|x64
		{A46008A8-E0BE-4B4B-8DE8-72D8DB52870E}.Debug|x86.ActiveCfg = Debug|Win32
		{A46008A8-E0BE-4B4B-8DE8-72D8DB52870E}.Debug|x86.Build.0 = Debug|Win32
		{A46008A8-E0BE-4B4B-8DE8-72D8DB52870E}.Release|x64.ActiveCfg = Release|x64
		{A46008A8-E0BE-4B4B-8DE8-72D8DB52870E}.Release|x64.Build.0 = Release|x64
		{A46008A8-E0BE-4B4B-8DE8-72D8DB52870E}.Release|x86.ActiveCfg = Release|Win32
		{A46008A8-E0BE-4B4B-8DE8-72D8DB52870E}.Release|x86.Build.0 = Release|Win32
	EndGlobalSection
	GlobalSection(SolutionProperties) = preSolution
		HideSolutionNode = FALSE
	EndGlobalSection
	GlobalSection(ExtensibilityGlobals) = postSolution
		SolutionGuid = {8459E142-6AAB-4ECD-8232-1562D6262A1D}
	EndGlobalSection
EndGlobal
