
Microsoft Visual Studio Solution File, Format Version 12.00
# Visual Studio 15
VisualStudioVersion = 15.0.34930.48
MinimumVisualStudioVersion = 10.0.40219.1
Project("{8BC9CEB8-8B4A-11D0-8D11-00A0C91BC942}") = "STL", "STL\STL.vcxproj", "{9970E205-8E32-4EBD-9739-5058F7E1B09B}"
EndProject
Project("{2150E333-8FDC-42A3-9474-1A3956D46DE8}") = "Solution Items", "Solution Items", "{75683FDC-49EA-4477-8B14-75320C89BAD3}"
	ProjectSection(SolutionItems) = preProject
		..\ReadMe.txt = ..\ReadMe.txt
	EndProjectSection
EndProject
Project("{8BC9CEB8-8B4A-11D0-8D11-00A0C91BC942}") = "SequenceContainers", "SequenceContainers\SequenceContainers.vcxproj", "{AF85B8A2-BAEF-47E6-A179-B950596836FF}"
EndProject
Project("{8BC9CEB8-8B4A-11D0-8D11-00A0C91BC942}") = "AssociativeContainers", "AssociativeContainers\AssociativeContainers.vcxproj", "{F164A70A-ED11-4F51-99CD-5C82844B63D7}"
EndProject
Global
	GlobalSection(SolutionConfigurationPlatforms) = preSolution
		Debug|x64 = Debug|x64
		Debug|x86 = Debug|x86
		Release|x64 = Release|x64
		Release|x86 = Release|x86
	EndGlobalSection
	GlobalSection(ProjectConfigurationPlatforms) = postSolution
		{9970E205-8E32-4EBD-9739-5058F7E1B09B}.Debug|x64.ActiveCfg = Debug|x64
		{9970E205-8E32-4EBD-9739-5058F7E1B09B}.Debug|x64.Build.0 = Debug|x64
		{9970E205-8E32-4EBD-9739-5058F7E1B09B}.Debug|x86.ActiveCfg = Debug|Win32
		{9970E205-8E32-4EBD-9739-5058F7E1B09B}.Debug|x86.Build.0 = Debug|Win32
		{9970E205-8E32-4EBD-9739-5058F7E1B09B}.Release|x64.ActiveCfg = Release|x64
		{9970E205-8E32-4EBD-9739-5058F7E1B09B}.Release|x64.Build.0 = Release|x64
		{9970E205-8E32-4EBD-9739-5058F7E1B09B}.Release|x86.ActiveCfg = Release|Win32
		{9970E205-8E32-4EBD-9739-5058F7E1B09B}.Release|x86.Build.0 = Release|Win32
		{AF85B8A2-BAEF-47E6-A179-B950596836FF}.Debug|x64.ActiveCfg = Debug|x64
		{AF85B8A2-BAEF-47E6-A179-B950596836FF}.Debug|x64.Build.0 = Debug|x64
		{AF85B8A2-BAEF-47E6-A179-B950596836FF}.Debug|x86.ActiveCfg = Debug|Win32
		{AF85B8A2-BAEF-47E6-A179-B950596836FF}.Debug|x86.Build.0 = Debug|Win32
		{AF85B8A2-BAEF-47E6-A179-B950596836FF}.Release|x64.ActiveCfg = Release|x64
		{AF85B8A2-BAEF-47E6-A179-B950596836FF}.Release|x64.Build.0 = Release|x64
		{AF85B8A2-BAEF-47E6-A179-B950596836FF}.Release|x86.ActiveCfg = Release|Win32
		{AF85B8A2-BAEF-47E6-A179-B950596836FF}.Release|x86.Build.0 = Release|Win32
		{F164A70A-ED11-4F51-99CD-5C82844B63D7}.Debug|x64.ActiveCfg = Debug|x64
		{F164A70A-ED11-4F51-99CD-5C82844B63D7}.Debug|x64.Build.0 = Debug|x64
		{F164A70A-ED11-4F51-99CD-5C82844B63D7}.Debug|x86.ActiveCfg = Debug|Win32
		{F164A70A-ED11-4F51-99CD-5C82844B63D7}.Debug|x86.Build.0 = Debug|Win32
		{F164A70A-ED11-4F51-99CD-5C82844B63D7}.Release|x64.ActiveCfg = Release|x64
		{F164A70A-ED11-4F51-99CD-5C82844B63D7}.Release|x64.Build.0 = Release|x64
		{F164A70A-ED11-4F51-99CD-5C82844B63D7}.Release|x86.ActiveCfg = Release|Win32
		{F164A70A-ED11-4F51-99CD-5C82844B63D7}.Release|x86.Build.0 = Release|Win32
	EndGlobalSection
	GlobalSection(SolutionProperties) = preSolution
		HideSolutionNode = FALSE
	EndGlobalSection
	GlobalSection(ExtensibilityGlobals) = postSolution
		SolutionGuid = {E7ADD3EC-5C33-40C2-A9ED-F1E3E1503634}
	EndGlobalSection
EndGlobal
